github.com/aead/chacha20 v0.0.0-20180709150244-8b13a72661da h1:KjTM2ks9d14ZYCvmHS9iAKVt9AyzRSqNU1qabPih5BY=
github.com/aead/chacha20 v0.0.0-20180709150244-8b13a72661da/go.mod h1:eHEWzANqSiWQsof+nXEI9bUVUyV6F53Fp89EuCh2EAA=
github.com/cyfdecyf/bufio v0.0.0-20130801052708-9601756e2a6b h1:IbXtWKo69Qt6jYo52e+u/UlHRQWn+KtVZta5cby90BA=
github.com/cyfdecyf/bufio v0.0.0-20130801052708-9601756e2a6b/go.mod h1:DQSIy5um0bRxHkx+PH04spgFRk5RqHGi0sHxiv5Ws3g=
github.com/cyfdecyf/color v0.0.0-20130827105946-31d518c963d2 h1:Oe1e6HKSKb4HmtFqrucyQUcA1lVuttAf0oKHC4ggaQw=
github.com/cyfdecyf/color v0.0.0-20130827105946-31d518c963d2/go.mod h1:mV04dyd0XpcvkTDehKbH1yGJE03Od3P88OZ/urLUqvw=
github.com/cyfdecyf/leakybuf v0.0.0-20140618011800-ffae040843be h1:TJvjsUzf1Bqz73jxyy8mnvmOUl2I+Mp7SXNVtvPuHW4=
github.com/cyfdecyf/leakybuf v0.0.0-20140618011800-ffae040843be/go.mod h1:OvIOPiANV24DVDhJDhNQh6NsAgC6mA1o0wc09vWXVkQ=
github.com/shadowsocks/shadowsocks-go v0.0.0-20190307081127-ac922d10041c h1:nbFzfdBX55D+R2eXgyIzfngJ9eWBoLlMdybA4O0rRxE=
github.com/shadowsocks/shadowsocks-go v0.0.0-20190307081127-ac922d10041c/go.mod h1:mttDPaeLm87u74HMrP+n2tugXvIKWcwff/cqSX0lehY=
golang.org/x/crypto v0.0.0-20190308221718-c2843e01d9a2/go.mod h1:djNgcEr1/C05ACkg1iLfiJU5Ep61QUkGW8qpdssI0+w=
golang.org/x/crypto v0.0.0-20190426145343-a29dc8fdc734 h1:p/H982KKEjUnLJkM3tt/LemDnOc1GiZL5FCVlORJ5zo=
golang.org/x/crypto v0.0.0-20190426145343-a29dc8fdc734/go.mod h1:yigFU9vqHzYiE8UmvKecakEJjdnWj3jj499lnFckfCI=
golang.org/x/net v0.0.0-20190404232315-eb5bcb51f2a3/go.mod h1:t9HGtf8HONx5eT2rtn7q6eTqICYqUVnKs3thJo3Qplg=
golang.org/x/sys v0.0.0-20190215142949-d0b11bdaac8a/go.mod h1:STP8DvDyc/dI5b8T5hshtkjS+E42TnysNCUPdjciGhY=
golang.org/x/sys v0.0.0-20190412213103-97732733099d/go.mod h1:h1NjWce9XRLGQEsW7wpKNCjG9DtNlClVuFLEZdDNbEs=
golang.org/x/sys v0.0.0-20190502175342-a43fa875dd82 h1:vsphBvatvfbhlb4PO1BYSr9dzugGxJ/SQHoNufZJq1w=
golang.org/x/sys v0.0.0-20190502175342-a43fa875dd82/go.mod h1:h1NjWce9XRLGQEsW7wpKNCjG9DtNlClVuFLEZdDNbEs=
golang.org/x/text v0.3.0/go.mod h1:NqM8EUOU14njkJ3fqMW+pc6Ldnwhi/IjpwHt7yyuwOQ=
