github.com/aead/chacha20 v0.0.0-20180709150244-8b13a72661da h1:KjTM2ks9d14ZYCvmHS9iAKVt9AyzRSqNU1qabPih5BY=
github.com/aead/chacha20 v0.0.0-20180709150244-8b13a72661da/go.mod h1:eHEWzANqSiWQsof+nXEI9bUVUyV6F53Fp89EuCh2EAA=
github.com/cyfdecyf/bufio v0.0.0-20130801052708-9601756e2a6b h1:IbXtWKo69Qt6jYo52e+u/UlHRQWn+KtVZta5cby90BA=
github.com/cyfdecyf/bufio v0.0.0-20130801052708-9601756e2a6b/go.mod h1:DQSIy5um0bRxHkx+PH04spgFRk5RqHGi0sHxiv5Ws3g=
github.com/cyfdecyf/color v0.0.0-20130827105946-31d518c963d2 h1:Oe1e6HKSKb4HmtFqrucyQUcA1lVuttAf0oKHC4ggaQw=
github.com/cyfdecyf/color v0.0.0-20130827105946-31d518c963d2/go.mod h1:mV04dyd0XpcvkTDehKbH1yGJE03Od3P88OZ/urLUqvw=
github.com/cyfdecyf/leakybuf v0.0.0-20140618011800-ffae040843be h1:TJvjsUzf1Bqz73jxyy8mnvmOUl2I+Mp7SXNVtvPuHW4=
github.com/cyfdecyf/leakybuf v0.0.0-20140618011800-ffae040843be/go.mod h1:OvIOPiANV24DVDhJDhNQh6NsAgC6mA1o0wc09vWXVkQ=
github.com/shadowsocks/shadowsocks-go v0.0.0-20200409064450-3e585ff90601 h1:XU9hik0exChEmY92ALW4l9WnDodxLVS9yOSNh2SizaQ=
github.com/shadowsocks/shadowsocks-go v0.0.0-20200409064450-3e585ff90601/go.mod h1:mttDPaeLm87u74HMrP+n2tugXvIKWcwff/cqSX0lehY=
golang.org/x/crypto v0.0.0-20190308221718-c2843e01d9a2/go.mod h1:djNgcEr1/C05ACkg1iLfiJU5Ep61QUkGW8qpdssI0+w=
golang.org/x/crypto v0.0.0-20200820211705-5c72a883971a h1:vclmkQCjlDX5OydZ9wv8rBCcS0QyQY66Mpf/7BZbInM=
golang.org/x/crypto v0.0.0-20200820211705-5c72a883971a/go.mod h1:LzIPMQfyMNhhGPhUkYOs5KpL4U8rLKemX1yGLhDgUto=
golang.org/x/net v0.0.0-20190404232315-eb5bcb51f2a3/go.mod h1:t9HGtf8HONx5eT2rtn7q6eTqICYqUVnKs3thJo3Qplg=
golang.org/x/sys v0.0.0-20190215142949-d0b11bdaac8a/go.mod h1:STP8DvDyc/dI5b8T5hshtkjS+E42TnysNCUPdjciGhY=
golang.org/x/sys v0.0.0-20190412213103-97732733099d/go.mod h1:h1NjWce9XRLGQEsW7wpKNCjG9DtNlClVuFLEZdDNbEs=
golang.org/x/sys v0.0.0-20200909081042-eff7692f9009 h1:W0lCpv29Hv0UaM1LXb9QlBHLNP8UFfcKjblhVCWftOM=
golang.org/x/sys v0.0.0-20200909081042-eff7692f9009/go.mod h1:h1NjWce9XRLGQEsW7wpKNCjG9DtNlClVuFLEZdDNbEs=
golang.org/x/text v0.3.0/go.mod h1:NqM8EUOU14njkJ3fqMW+pc6Ldnwhi/IjpwHt7yyuwOQ=
